
Microsoft Visual Studio Solution File, Format Version 12.00
# Visual Studio 15
VisualStudioVersion = 15.0.28307.136
MinimumVisualStudioVersion = 10.0.40219.1
Project("{8BC9CEB8-8B4A-11D0-8D11-00A0C91BC942}") = "ResizingARrays", "ResizingARrays\ResizingARrays.vcxproj", "{3DBC04BA-53FF-4795-91FA-0AF0080DE7AB}"
EndProject
Global
	GlobalSection(SolutionConfigurationPlatforms) = preSolution
		Debug|x64 = Debug|x64
		Debug|x86 = Debug|x86
		Release|x64 = Release|x64
		Release|x86 = Release|x86
	EndGlobalSection
	GlobalSection(ProjectConfigurationPlatforms) = postSolution
		{3DBC04BA-53FF-4795-91FA-0AF0080DE7AB}.Debug|x64.ActiveCfg = Debug|x64
		{3DBC04BA-53FF-4795-91FA-0AF0080DE7AB}.Debug|x64.Build.0 = Debug|x64
		{3DBC04BA-53FF-4795-91FA-0AF0080DE7AB}.Debug|x86.ActiveCfg = Debug|Win32
		{3DBC04BA-53FF-4795-91FA-0AF0080DE7AB}.Debug|x86.Build.0 = Debug|Win32
		{3DBC04BA-53FF-4795-91FA-0AF0080DE7AB}.Release|x64.ActiveCfg = Release|x64
		{3DBC04BA-53FF-4795-91FA-0AF0080DE7AB}.Release|x64.Build.0 = Release|x64
		{3DBC04BA-53FF-4795-91FA-0AF0080DE7AB}.Release|x86.ActiveCfg = Release|Win32
		{3DBC04BA-53FF-4795-91FA-0AF0080DE7AB}.Release|x86.Build.0 = Release|Win32
	EndGlobalSection
	GlobalSection(SolutionProperties) = preSolution
		HideSolutionNode = FALSE
	EndGlobalSection
	GlobalSection(ExtensibilityGlobals) = postSolution
		SolutionGuid = {02B24D38-16CE-458C-9A85-169240F288B0}
	EndGlobalSection
EndGlobal
